
Microsoft Visual Studio Solution File, Format Version 12.00
# Visual Studio 15
VisualStudioVersion = 15.0.28307.421
MinimumVisualStudioVersion = 10.0.40219.1
Project("{FAE04EC0-301F-11D3-BF4B-00C04F79EFBC}") = "WarriorBattle", "WarriorBattle\WarriorBattle.csproj", "{34140EC6-E57C-45F7-B2FB-CE8895E6FF90}"
EndProject
Global
	GlobalSection(SolutionConfigurationPlatforms) = preSolution
		Debug|Any CPU = Debug|Any CPU
		Release|Any CPU = Release|Any CPU
	EndGlobalSection
	GlobalSection(ProjectConfigurationPlatforms) = postSolution
		{34140EC6-E57C-45F7-B2FB-CE8895E6FF90}.Debug|Any CPU.ActiveCfg = Debug|Any CPU
		{34140EC6-E57C-45F7-B2FB-CE8895E6FF90}.Debug|Any CPU.Build.0 = Debug|Any CPU
		{34140EC6-E57C-45F7-B2FB-CE8895E6FF90}.Release|Any CPU.ActiveCfg = Release|Any CPU
		{34140EC6-E57C-45F7-B2FB-CE8895E6FF90}.Release|Any CPU.Build.0 = Release|Any CPU
	EndGlobalSection
	GlobalSection(SolutionProperties) = preSolution
		HideSolutionNode = FALSE
	EndGlobalSection
	GlobalSection(ExtensibilityGlobals) = postSolution
		SolutionGuid = {5B093547-E28A-4C9E-80A7-61DCD074443F}
	EndGlobalSection
EndGlobal
